# This file is automatically @generated by Cargo.
# It is not intended for manual editing.
version = 4

[[package]]
name = "autocfg"
version = "1.5.0"
source = "registry+https://github.com/rust-lang/crates.io-index"
checksum = "c08606f8c3cbf4ce6ec8e28fb0014a2c086708fe954eaa885384a6165172e7e8"

[[package]]
name = "cmov"
version = "0.5.2"
source = "registry+https://github.com/rust-lang/crates.io-index"
checksum = "de0758edba32d61d1fd9f4d69491b47604b91ee2f7e6b33de7e54ca4ebe55dc3"

[[package]]
name = "cpubits"
version = "0.1.0"
source = "registry+https://github.com/rust-lang/crates.io-index"
checksum = "5ef0c543070d296ea414df2dd7625d1b24866ce206709d8a4a424f28377f5861"

[[package]]
name = "crypto-bigint"
version = "0.7.1"
source = "registry+https://github.com/rust-lang/crates.io-index"
checksum = "9fde2467e74147f492aebb834985186b2c74761927b8b9b3bd303bcb2e72199d"
dependencies = [
 "cpubits",
 "ctutils",
 "hybrid-array",
 "num-traits",
 "rand_core",
 "subtle",
]

[[package]]
name = "ctutils"
version = "0.4.0"
source = "registry+https://github.com/rust-lang/crates.io-index"
checksum = "1005a6d4446f5120ef475ad3d2af2b30c49c2c9c6904258e3bb30219bebed5e4"
dependencies = [
 "cmov",
 "subtle",
]

[[package]]
name = "ec"
version = "0.1.0"
dependencies = [
 "crypto-bigint",
 "fp",
]

[[package]]
name = "fp"
version = "0.1.0"
dependencies = [
 "crypto-bigint",
 "subtle",
]

[[package]]
name = "hybrid-array"
version = "0.4.10"
source = "registry+https://github.com/rust-lang/crates.io-index"
checksum = "3944cf8cf766b40e2a1a333ee5e9b563f854d5fa49d6a8ca2764e97c6eddb214"
dependencies = [
 "subtle",
 "typenum",
]

[[package]]
name = "isogeny"
version = "0.1.0"
dependencies = [
 "crypto-bigint",
 "ec",
 "fp",
]

[[package]]
name = "num-traits"
version = "0.2.19"
source = "registry+https://github.com/rust-lang/crates.io-index"
checksum = "071dfc062690e90b734c0b2273ce72ad0ffa95f0c74596bc250dcfd960262841"
dependencies = [
 "autocfg",
]

[[package]]
name = "rand_core"
version = "0.10.0"
source = "registry+https://github.com/rust-lang/crates.io-index"
checksum = "0c8d0fd677905edcbeedbf2edb6494d676f0e98d54d5cf9bda0b061cb8fb8aba"

[[package]]
name = "subtle"
version = "2.6.1"
source = "registry+https://github.com/rust-lang/crates.io-index"
checksum = "13c2bddecc57b384dee18652358fb23172facb8a2c51ccc10d74c157bdea3292"

[[package]]
name = "typenum"
version = "1.19.0"
source = "registry+https://github.com/rust-lang/crates.io-index"
checksum = "562d481066bde0658276a35467c4af00bdc6ee726305698a55b86e61d7ad82bb"
